
Microsoft Visual Studio Solution File, Format Version 12.00
# Visual Studio 14
VisualStudioVersion = 14.0.24720.0
MinimumVisualStudioVersion = 10.0.40219.1
Project("{FAE04EC0-301F-11D3-BF4B-00C04F79EFBC}") = "TFSFacilitator", "TFSFacilitator.csproj", "{5F7803D7-B21F-4DDA-B547-06345ACA3329}"
EndProject
Project("{FAE04EC0-301F-11D3-BF4B-00C04F79EFBC}") = "TFSFacilitatorUnitTest", "..\TFSFacilitatorUnitTest\TFSFacilitatorUnitTest.csproj", "{2C0B3E90-7ACF-4EB6-B63C-CC83BF92C55F}"
EndProject
Project("{FAE04EC0-301F-11D3-BF4B-00C04F79EFBC}") = "TestDriver", "..\TestDriver\TestDriver.csproj", "{AF909F3E-7A41-4021-AF46-17963D24B1CB}"
EndProject
Global
	GlobalSection(SolutionConfigurationPlatforms) = preSolution
		Debug|Any CPU = Debug|Any CPU
		Release|Any CPU = Release|Any CPU
	EndGlobalSection
	GlobalSection(ProjectConfigurationPlatforms) = postSolution
		{5F7803D7-B21F-4DDA-B547-06345ACA3329}.Debug|Any CPU.ActiveCfg = Debug|Any CPU
		{5F7803D7-B21F-4DDA-B547-06345ACA3329}.Debug|Any CPU.Build.0 = Debug|Any CPU
		{5F7803D7-B21F-4DDA-B547-06345ACA3329}.Release|Any CPU.ActiveCfg = Release|Any CPU
		{5F7803D7-B21F-4DDA-B547-06345ACA3329}.Release|Any CPU.Build.0 = Release|Any CPU
		{2C0B3E90-7ACF-4EB6-B63C-CC83BF92C55F}.Debug|Any CPU.ActiveCfg = Debug|Any CPU
		{2C0B3E90-7ACF-4EB6-B63C-CC83BF92C55F}.Debug|Any CPU.Build.0 = Debug|Any CPU
		{2C0B3E90-7ACF-4EB6-B63C-CC83BF92C55F}.Release|Any CPU.ActiveCfg = Release|Any CPU
		{2C0B3E90-7ACF-4EB6-B63C-CC83BF92C55F}.Release|Any CPU.Build.0 = Release|Any CPU
		{AF909F3E-7A41-4021-AF46-17963D24B1CB}.Debug|Any CPU.ActiveCfg = Debug|Any CPU
		{AF909F3E-7A41-4021-AF46-17963D24B1CB}.Debug|Any CPU.Build.0 = Debug|Any CPU
		{AF909F3E-7A41-4021-AF46-17963D24B1CB}.Release|Any CPU.ActiveCfg = Release|Any CPU
		{AF909F3E-7A41-4021-AF46-17963D24B1CB}.Release|Any CPU.Build.0 = Release|Any CPU
	EndGlobalSection
	GlobalSection(SolutionProperties) = preSolution
		HideSolutionNode = FALSE
	EndGlobalSection
EndGlobal
